
Microsoft Visual Studio Solution File, Format Version 12.00
# Visual Studio Version 17
VisualStudioVersion = 17.2.32602.215
MinimumVisualStudioVersion = 10.0.40219.1
Project("{9A19103F-16F7-4668-BE54-9A1E7A4F7556}") = "Lesson2", "Lesson2\Lesson2.csproj", "{376357DD-C410-4D5F-9C7D-CBC06879A48D}"
EndProject
Project("{2150E333-8FDC-42A3-9474-1A3956D46DE8}") = "Lesson2. HappyTickets", "Lesson2. HappyTickets", "{5294E08F-5D2B-478A-8AB9-43A17DD838DF}"
EndProject
Project("{9A19103F-16F7-4668-BE54-9A1E7A4F7556}") = "Lesson2.Test", "Lesson2.Test\Lesson2.Test.csproj", "{E1557CAF-00CE-4D21-BAC4-B481A511E977}"
EndProject
Project("{9A19103F-16F7-4668-BE54-9A1E7A4F7556}") = "TestCaseReader", "TestCaseReader\TestCaseReader.csproj", "{8B674846-CC60-4FE0-9F42-769C57DF3E86}"
EndProject
Project("{2150E333-8FDC-42A3-9474-1A3956D46DE8}") = "Lesson3. Number Algo", "Lesson3. Number Algo", "{5CC471FA-4151-4C71-AD2B-93B38F8D3E30}"
EndProject
Project("{9A19103F-16F7-4668-BE54-9A1E7A4F7556}") = "Lesson3. Number Algo", "Leeson3\Lesson3. Number Algo.csproj", "{63A89350-0006-431A-B3AF-ECE81257CF93}"
EndProject
Project("{9A19103F-16F7-4668-BE54-9A1E7A4F7556}") = "Lesson3.Test", "Lesson3.Test\Lesson3.Test.csproj", "{FC051B99-F2E9-479F-B818-CBDE008D60E3}"
EndProject
Project("{2150E333-8FDC-42A3-9474-1A3956D46DE8}") = "Lesson4. Arrays", "Lesson4. Arrays", "{8B73B331-F895-47AB-AC31-33962AB32F67}"
EndProject
Project("{9A19103F-16F7-4668-BE54-9A1E7A4F7556}") = "Lesson4", "Lesson4\Lesson4.csproj", "{FAB67EC5-26FC-4AC8-BC83-3C5D0A629D29}"
EndProject
Project("{2150E333-8FDC-42A3-9474-1A3956D46DE8}") = "Lesson5. Bitboard", "Lesson5. Bitboard", "{BAEFE38D-A73D-4247-A995-C06041F4EAA1}"
EndProject
Project("{9A19103F-16F7-4668-BE54-9A1E7A4F7556}") = "Lesson5", "Lesson5\Lesson5.csproj", "{DDF1A8B0-6099-4F88-9CF3-5CF034F23D17}"
EndProject
Project("{2150E333-8FDC-42A3-9474-1A3956D46DE8}") = "Lesson6. Sortings O(N2)", "Lesson6. Sortings O(N2)", "{CDB7E703-D4B5-4A86-8B50-B1AC9D4802C7}"
EndProject
Project("{9A19103F-16F7-4668-BE54-9A1E7A4F7556}") = "Lesson6", "Lesson6\Lesson6.csproj", "{7B1CBDB6-09E9-4423-9D0E-377A9DE66566}"
EndProject
Project("{2150E333-8FDC-42A3-9474-1A3956D46DE8}") = "Lesson7. HeapSort and SelectionSort", "Lesson7. HeapSort and SelectionSort", "{12EBA594-AEA2-419B-B9C0-78C9040713E4}"
EndProject
Project("{9A19103F-16F7-4668-BE54-9A1E7A4F7556}") = "Lesson7", "Lesson7\Lesson7.csproj", "{B00E1C95-A5E2-49FE-ADB2-F399BDBDC062}"
EndProject
Project("{2150E333-8FDC-42A3-9474-1A3956D46DE8}") = "Lesson8. QuickSort and MergeSort", "Lesson8. QuickSort and MergeSort", "{A4FA185B-48EB-4B80-A25C-928B215A1841}"
EndProject
Project("{9A19103F-16F7-4668-BE54-9A1E7A4F7556}") = "Lesson8", "Lesson8\Lesson8.csproj", "{C45132EC-5BFD-4B95-A4E0-F862311BE050}"
EndProject
Project("{2150E333-8FDC-42A3-9474-1A3956D46DE8}") = "Lesson9. BucketSort, CountingSort and Radix", "Lesson9. BucketSort, CountingSort and Radix", "{3C4AC699-95CE-441E-B840-6DC5F18DAF57}"
EndProject
Project("{9A19103F-16F7-4668-BE54-9A1E7A4F7556}") = "Lesson9", "Lesson9\Lesson9.csproj", "{0000BD1A-FBDF-44CC-BC63-BB953FCE7B93}"
EndProject
Project("{2150E333-8FDC-42A3-9474-1A3956D46DE8}") = "Lesson10. BST and AVL", "Lesson10. BST and AVL", "{1C29136D-B0DF-4099-9407-9615437BA7DC}"
EndProject
Project("{9A19103F-16F7-4668-BE54-9A1E7A4F7556}") = "Lesson10", "Lesson10\Lesson10.csproj", "{751A684F-FE0A-4475-B915-834C7B4E4A67}"
EndProject
Project("{2150E333-8FDC-42A3-9474-1A3956D46DE8}") = "Lesson13. Chained HashMap", "Lesson13. Chained HashMap", "{0956D012-7A72-4713-B7FB-7E8212D0327E}"
EndProject
Project("{9A19103F-16F7-4668-BE54-9A1E7A4F7556}") = "Lesson13", "Lesson13\Lesson13.csproj", "{1894A503-EBAE-4010-AA62-4717C0C1A92F}"
EndProject
Project("{9A19103F-16F7-4668-BE54-9A1E7A4F7556}") = "Lesson13.Test", "Lesson13.Tests\Lesson13.Test.csproj", "{4C4F1F3C-7510-45E0-BD3F-82369E43F930}"
EndProject
Project("{2150E333-8FDC-42A3-9474-1A3956D46DE8}") = "Lesson14. Open And Quadratic HashMap", "Lesson14. Open And Quadratic HashMap", "{1F1E0562-62D8-4192-8D40-F4510ED9817C}"
EndProject
Project("{9A19103F-16F7-4668-BE54-9A1E7A4F7556}") = "Lesson14", "Lesson14\Lesson14.csproj", "{A16130CA-4CAC-484F-968D-E85673122F9B}"
EndProject
Project("{9A19103F-16F7-4668-BE54-9A1E7A4F7556}") = "Lesson14.Test", "Lesson14.Test\Lesson14.Test.csproj", "{22411EDB-54C5-4A83-845B-A686ED9D627F}"
EndProject
Project("{2150E333-8FDC-42A3-9474-1A3956D46DE8}") = "Lesson16. TRIE", "Lesson16. TRIE", "{7039DF8D-7A3F-433E-AA4D-E53C4C202F35}"
EndProject
Project("{9A19103F-16F7-4668-BE54-9A1E7A4F7556}") = "Lesson16", "Lesson16\Lesson16.csproj", "{FDE4564A-74ED-400F-8C63-D976FDE247B4}"
EndProject
Project("{9A19103F-16F7-4668-BE54-9A1E7A4F7556}") = "Lesson16.Test", "Lesson16.Test\Lesson16.Test.csproj", "{41DA8567-4ABC-4C59-AE97-72A704037D2E}"
EndProject
Project("{9A19103F-16F7-4668-BE54-9A1E7A4F7556}") = "Lesson10.Test", "Lesson10.Test\Lesson10.Test.csproj", "{F410DBA9-1A96-4484-9269-925878001F62}"
EndProject
Project("{2150E333-8FDC-42A3-9474-1A3956D46DE8}") = "Lesson12. SPLAY and RANDT", "Lesson12. SPLAY and RANDT", "{30836C4D-1632-4B4C-848C-99DEC0C9C16A}"
EndProject
Project("{9A19103F-16F7-4668-BE54-9A1E7A4F7556}") = "Lesson12", "Lesson12\Lesson12.csproj", "{E2ED6DB2-3FD2-4C2E-B95B-A1857DA60657}"
EndProject
Project("{2150E333-8FDC-42A3-9474-1A3956D46DE8}") = "Lesson27. Compression Algo", "Lesson27. Compression Algo", "{E5092B37-E6B9-4FDC-B44B-18599919A1B2}"
EndProject
Project("{9A19103F-16F7-4668-BE54-9A1E7A4F7556}") = "Lesson27", "Lesson27\Lesson27.csproj", "{16EA43E0-F8E5-4BA8-8D52-7D3D874C8D5D}"
EndProject
Project("{9A19103F-16F7-4668-BE54-9A1E7A4F7556}") = "Lesson12.Test", "Lesson12.Test\Lesson12.Test.csproj", "{9DBCFEB7-5DCE-45BC-9F81-CF1ED562FF98}"
EndProject
Project("{2150E333-8FDC-42A3-9474-1A3956D46DE8}") = "Lesson18. Kosaraju", "Lesson18. Kosaraju", "{BA4C0F64-12AE-4978-BB86-F02B35C0621D}"
EndProject
Project("{9A19103F-16F7-4668-BE54-9A1E7A4F7556}") = "Lesson18", "Lesson18\Lesson18.csproj", "{B3018B79-5C78-46E2-B45A-205D118742F2}"
EndProject
Project("{9A19103F-16F7-4668-BE54-9A1E7A4F7556}") = "Lesson18.Test", "Lesson18.Test\Lesson18.Test.csproj", "{0BA079D3-7783-45F1-9CC3-4328C3C99F4C}"
EndProject
Project("{2150E333-8FDC-42A3-9474-1A3956D46DE8}") = "Lesson19. Demukron", "Lesson19. Demukron", "{4E6684AC-2BDD-45A1-AB9F-68FBC857891D}"
EndProject
Project("{9A19103F-16F7-4668-BE54-9A1E7A4F7556}") = "Lesson19", "Lesson19\Lesson19.csproj", "{EA479975-8CBE-40C6-BC36-696DABBF70C0}"
EndProject
Project("{9A19103F-16F7-4668-BE54-9A1E7A4F7556}") = "Lesson19.Test", "Lesson19.Test\Lesson19.Test.csproj", "{FAD86700-FAB2-492C-887B-E8ADF0C88311}"
EndProject
Project("{2150E333-8FDC-42A3-9474-1A3956D46DE8}") = "Lesson20. Graph Kruskal", "Lesson20. Graph Kruskal", "{12EB5AAE-6713-4AFE-B751-75F2A72A7236}"
EndProject
Project("{FAE04EC0-301F-11D3-BF4B-00C04F79EFBC}") = "Lesson20", "Lesson20\Lesson20.csproj", "{0F13CC84-EFA9-4A94-81B1-37125FD8B5AE}"
EndProject
Project("{2150E333-8FDC-42A3-9474-1A3956D46DE8}") = "Lesson21. Graph Dijkstra", "Lesson21. Graph Dijkstra", "{FD6BFC7A-EF1D-4FF4-86CE-A8C5592696B2}"
EndProject
Project("{FAE04EC0-301F-11D3-BF4B-00C04F79EFBC}") = "Lesson21", "Lesson21\Lesson21.csproj", "{5EC0D7F2-0DA2-44D4-B897-9C8B93212F3A}"
EndProject
Global
	GlobalSection(SolutionConfigurationPlatforms) = preSolution
		Debug|Any CPU = Debug|Any CPU
		Release|Any CPU = Release|Any CPU
	EndGlobalSection
	GlobalSection(ProjectConfigurationPlatforms) = postSolution
		{376357DD-C410-4D5F-9C7D-CBC06879A48D}.Debug|Any CPU.ActiveCfg = Debug|Any CPU
		{376357DD-C410-4D5F-9C7D-CBC06879A48D}.Debug|Any CPU.Build.0 = Debug|Any CPU
		{376357DD-C410-4D5F-9C7D-CBC06879A48D}.Release|Any CPU.ActiveCfg = Release|Any CPU
		{376357DD-C410-4D5F-9C7D-CBC06879A48D}.Release|Any CPU.Build.0 = Release|Any CPU
		{E1557CAF-00CE-4D21-BAC4-B481A511E977}.Debug|Any CPU.ActiveCfg = Debug|Any CPU
		{E1557CAF-00CE-4D21-BAC4-B481A511E977}.Debug|Any CPU.Build.0 = Debug|Any CPU
		{E1557CAF-00CE-4D21-BAC4-B481A511E977}.Release|Any CPU.ActiveCfg = Release|Any CPU
		{E1557CAF-00CE-4D21-BAC4-B481A511E977}.Release|Any CPU.Build.0 = Release|Any CPU
		{8B674846-CC60-4FE0-9F42-769C57DF3E86}.Debug|Any CPU.ActiveCfg = Debug|Any CPU
		{8B674846-CC60-4FE0-9F42-769C57DF3E86}.Debug|Any CPU.Build.0 = Debug|Any CPU
		{8B674846-CC60-4FE0-9F42-769C57DF3E86}.Release|Any CPU.ActiveCfg = Release|Any CPU
		{8B674846-CC60-4FE0-9F42-769C57DF3E86}.Release|Any CPU.Build.0 = Release|Any CPU
		{63A89350-0006-431A-B3AF-ECE81257CF93}.Debug|Any CPU.ActiveCfg = Debug|Any CPU
		{63A89350-0006-431A-B3AF-ECE81257CF93}.Debug|Any CPU.Build.0 = Debug|Any CPU
		{63A89350-0006-431A-B3AF-ECE81257CF93}.Release|Any CPU.ActiveCfg = Release|Any CPU
		{63A89350-0006-431A-B3AF-ECE81257CF93}.Release|Any CPU.Build.0 = Release|Any CPU
		{FC051B99-F2E9-479F-B818-CBDE008D60E3}.Debug|Any CPU.ActiveCfg = Debug|Any CPU
		{FC051B99-F2E9-479F-B818-CBDE008D60E3}.Debug|Any CPU.Build.0 = Debug|Any CPU
		{FC051B99-F2E9-479F-B818-CBDE008D60E3}.Release|Any CPU.ActiveCfg = Release|Any CPU
		{FC051B99-F2E9-479F-B818-CBDE008D60E3}.Release|Any CPU.Build.0 = Release|Any CPU
		{FAB67EC5-26FC-4AC8-BC83-3C5D0A629D29}.Debug|Any CPU.ActiveCfg = Debug|Any CPU
		{FAB67EC5-26FC-4AC8-BC83-3C5D0A629D29}.Debug|Any CPU.Build.0 = Debug|Any CPU
		{FAB67EC5-26FC-4AC8-BC83-3C5D0A629D29}.Release|Any CPU.ActiveCfg = Release|Any CPU
		{FAB67EC5-26FC-4AC8-BC83-3C5D0A629D29}.Release|Any CPU.Build.0 = Release|Any CPU
		{DDF1A8B0-6099-4F88-9CF3-5CF034F23D17}.Debug|Any CPU.ActiveCfg = Debug|Any CPU
		{DDF1A8B0-6099-4F88-9CF3-5CF034F23D17}.Debug|Any CPU.Build.0 = Debug|Any CPU
		{DDF1A8B0-6099-4F88-9CF3-5CF034F23D17}.Release|Any CPU.ActiveCfg = Release|Any CPU
		{DDF1A8B0-6099-4F88-9CF3-5CF034F23D17}.Release|Any CPU.Build.0 = Release|Any CPU
		{7B1CBDB6-09E9-4423-9D0E-377A9DE66566}.Debug|Any CPU.ActiveCfg = Debug|Any CPU
		{7B1CBDB6-09E9-4423-9D0E-377A9DE66566}.Debug|Any CPU.Build.0 = Debug|Any CPU
		{7B1CBDB6-09E9-4423-9D0E-377A9DE66566}.Release|Any CPU.ActiveCfg = Release|Any CPU
		{7B1CBDB6-09E9-4423-9D0E-377A9DE66566}.Release|Any CPU.Build.0 = Release|Any CPU
		{B00E1C95-A5E2-49FE-ADB2-F399BDBDC062}.Debug|Any CPU.ActiveCfg = Debug|Any CPU
		{B00E1C95-A5E2-49FE-ADB2-F399BDBDC062}.Debug|Any CPU.Build.0 = Debug|Any CPU
		{B00E1C95-A5E2-49FE-ADB2-F399BDBDC062}.Release|Any CPU.ActiveCfg = Release|Any CPU
		{B00E1C95-A5E2-49FE-ADB2-F399BDBDC062}.Release|Any CPU.Build.0 = Release|Any CPU
		{C45132EC-5BFD-4B95-A4E0-F862311BE050}.Debug|Any CPU.ActiveCfg = Debug|Any CPU
		{C45132EC-5BFD-4B95-A4E0-F862311BE050}.Debug|Any CPU.Build.0 = Debug|Any CPU
		{C45132EC-5BFD-4B95-A4E0-F862311BE050}.Release|Any CPU.ActiveCfg = Release|Any CPU
		{C45132EC-5BFD-4B95-A4E0-F862311BE050}.Release|Any CPU.Build.0 = Release|Any CPU
		{0000BD1A-FBDF-44CC-BC63-BB953FCE7B93}.Debug|Any CPU.ActiveCfg = Debug|Any CPU
		{0000BD1A-FBDF-44CC-BC63-BB953FCE7B93}.Debug|Any CPU.Build.0 = Debug|Any CPU
		{0000BD1A-FBDF-44CC-BC63-BB953FCE7B93}.Release|Any CPU.ActiveCfg = Release|Any CPU
		{0000BD1A-FBDF-44CC-BC63-BB953FCE7B93}.Release|Any CPU.Build.0 = Release|Any CPU
		{751A684F-FE0A-4475-B915-834C7B4E4A67}.Debug|Any CPU.ActiveCfg = Debug|Any CPU
		{751A684F-FE0A-4475-B915-834C7B4E4A67}.Debug|Any CPU.Build.0 = Debug|Any CPU
		{751A684F-FE0A-4475-B915-834C7B4E4A67}.Release|Any CPU.ActiveCfg = Release|Any CPU
		{751A684F-FE0A-4475-B915-834C7B4E4A67}.Release|Any CPU.Build.0 = Release|Any CPU
		{1894A503-EBAE-4010-AA62-4717C0C1A92F}.Debug|Any CPU.ActiveCfg = Debug|Any CPU
		{1894A503-EBAE-4010-AA62-4717C0C1A92F}.Debug|Any CPU.Build.0 = Debug|Any CPU
		{1894A503-EBAE-4010-AA62-4717C0C1A92F}.Release|Any CPU.ActiveCfg = Release|Any CPU
		{1894A503-EBAE-4010-AA62-4717C0C1A92F}.Release|Any CPU.Build.0 = Release|Any CPU
		{4C4F1F3C-7510-45E0-BD3F-82369E43F930}.Debug|Any CPU.ActiveCfg = Debug|Any CPU
		{4C4F1F3C-7510-45E0-BD3F-82369E43F930}.Debug|Any CPU.Build.0 = Debug|Any CPU
		{4C4F1F3C-7510-45E0-BD3F-82369E43F930}.Release|Any CPU.ActiveCfg = Release|Any CPU
		{4C4F1F3C-7510-45E0-BD3F-82369E43F930}.Release|Any CPU.Build.0 = Release|Any CPU
		{A16130CA-4CAC-484F-968D-E85673122F9B}.Debug|Any CPU.ActiveCfg = Debug|Any CPU
		{A16130CA-4CAC-484F-968D-E85673122F9B}.Debug|Any CPU.Build.0 = Debug|Any CPU
		{A16130CA-4CAC-484F-968D-E85673122F9B}.Release|Any CPU.ActiveCfg = Release|Any CPU
		{A16130CA-4CAC-484F-968D-E85673122F9B}.Release|Any CPU.Build.0 = Release|Any CPU
		{22411EDB-54C5-4A83-845B-A686ED9D627F}.Debug|Any CPU.ActiveCfg = Debug|Any CPU
		{22411EDB-54C5-4A83-845B-A686ED9D627F}.Debug|Any CPU.Build.0 = Debug|Any CPU
		{22411EDB-54C5-4A83-845B-A686ED9D627F}.Release|Any CPU.ActiveCfg = Release|Any CPU
		{22411EDB-54C5-4A83-845B-A686ED9D627F}.Release|Any CPU.Build.0 = Release|Any CPU
		{FDE4564A-74ED-400F-8C63-D976FDE247B4}.Debug|Any CPU.ActiveCfg = Debug|Any CPU
		{FDE4564A-74ED-400F-8C63-D976FDE247B4}.Debug|Any CPU.Build.0 = Debug|Any CPU
		{FDE4564A-74ED-400F-8C63-D976FDE247B4}.Release|Any CPU.ActiveCfg = Release|Any CPU
		{FDE4564A-74ED-400F-8C63-D976FDE247B4}.Release|Any CPU.Build.0 = Release|Any CPU
		{41DA8567-4ABC-4C59-AE97-72A704037D2E}.Debug|Any CPU.ActiveCfg = Debug|Any CPU
		{41DA8567-4ABC-4C59-AE97-72A704037D2E}.Debug|Any CPU.Build.0 = Debug|Any CPU
		{41DA8567-4ABC-4C59-AE97-72A704037D2E}.Release|Any CPU.ActiveCfg = Release|Any CPU
		{41DA8567-4ABC-4C59-AE97-72A704037D2E}.Release|Any CPU.Build.0 = Release|Any CPU
		{F410DBA9-1A96-4484-9269-925878001F62}.Debug|Any CPU.ActiveCfg = Debug|Any CPU
		{F410DBA9-1A96-4484-9269-925878001F62}.Debug|Any CPU.Build.0 = Debug|Any CPU
		{F410DBA9-1A96-4484-9269-925878001F62}.Release|Any CPU.ActiveCfg = Release|Any CPU
		{F410DBA9-1A96-4484-9269-925878001F62}.Release|Any CPU.Build.0 = Release|Any CPU
		{E2ED6DB2-3FD2-4C2E-B95B-A1857DA60657}.Debug|Any CPU.ActiveCfg = Debug|Any CPU
		{E2ED6DB2-3FD2-4C2E-B95B-A1857DA60657}.Debug|Any CPU.Build.0 = Debug|Any CPU
		{E2ED6DB2-3FD2-4C2E-B95B-A1857DA60657}.Release|Any CPU.ActiveCfg = Release|Any CPU
		{E2ED6DB2-3FD2-4C2E-B95B-A1857DA60657}.Release|Any CPU.Build.0 = Release|Any CPU
		{16EA43E0-F8E5-4BA8-8D52-7D3D874C8D5D}.Debug|Any CPU.ActiveCfg = Debug|Any CPU
		{16EA43E0-F8E5-4BA8-8D52-7D3D874C8D5D}.Debug|Any CPU.Build.0 = Debug|Any CPU
		{16EA43E0-F8E5-4BA8-8D52-7D3D874C8D5D}.Release|Any CPU.ActiveCfg = Release|Any CPU
		{16EA43E0-F8E5-4BA8-8D52-7D3D874C8D5D}.Release|Any CPU.Build.0 = Release|Any CPU
		{9DBCFEB7-5DCE-45BC-9F81-CF1ED562FF98}.Debug|Any CPU.ActiveCfg = Debug|Any CPU
		{9DBCFEB7-5DCE-45BC-9F81-CF1ED562FF98}.Debug|Any CPU.Build.0 = Debug|Any CPU
		{9DBCFEB7-5DCE-45BC-9F81-CF1ED562FF98}.Release|Any CPU.ActiveCfg = Release|Any CPU
		{9DBCFEB7-5DCE-45BC-9F81-CF1ED562FF98}.Release|Any CPU.Build.0 = Release|Any CPU
		{B3018B79-5C78-46E2-B45A-205D118742F2}.Debug|Any CPU.ActiveCfg = Debug|Any CPU
		{B3018B79-5C78-46E2-B45A-205D118742F2}.Debug|Any CPU.Build.0 = Debug|Any CPU
		{B3018B79-5C78-46E2-B45A-205D118742F2}.Release|Any CPU.ActiveCfg = Release|Any CPU
		{B3018B79-5C78-46E2-B45A-205D118742F2}.Release|Any CPU.Build.0 = Release|Any CPU
		{0BA079D3-7783-45F1-9CC3-4328C3C99F4C}.Debug|Any CPU.ActiveCfg = Debug|Any CPU
		{0BA079D3-7783-45F1-9CC3-4328C3C99F4C}.Debug|Any CPU.Build.0 = Debug|Any CPU
		{0BA079D3-7783-45F1-9CC3-4328C3C99F4C}.Release|Any CPU.ActiveCfg = Release|Any CPU
		{0BA079D3-7783-45F1-9CC3-4328C3C99F4C}.Release|Any CPU.Build.0 = Release|Any CPU
		{EA479975-8CBE-40C6-BC36-696DABBF70C0}.Debug|Any CPU.ActiveCfg = Debug|Any CPU
		{EA479975-8CBE-40C6-BC36-696DABBF70C0}.Debug|Any CPU.Build.0 = Debug|Any CPU
		{EA479975-8CBE-40C6-BC36-696DABBF70C0}.Release|Any CPU.ActiveCfg = Release|Any CPU
		{EA479975-8CBE-40C6-BC36-696DABBF70C0}.Release|Any CPU.Build.0 = Release|Any CPU
		{FAD86700-FAB2-492C-887B-E8ADF0C88311}.Debug|Any CPU.ActiveCfg = Debug|Any CPU
		{FAD86700-FAB2-492C-887B-E8ADF0C88311}.Debug|Any CPU.Build.0 = Debug|Any CPU
		{FAD86700-FAB2-492C-887B-E8ADF0C88311}.Release|Any CPU.ActiveCfg = Release|Any CPU
		{FAD86700-FAB2-492C-887B-E8ADF0C88311}.Release|Any CPU.Build.0 = Release|Any CPU
		{0F13CC84-EFA9-4A94-81B1-37125FD8B5AE}.Debug|Any CPU.ActiveCfg = Debug|Any CPU
		{0F13CC84-EFA9-4A94-81B1-37125FD8B5AE}.Debug|Any CPU.Build.0 = Debug|Any CPU
		{0F13CC84-EFA9-4A94-81B1-37125FD8B5AE}.Release|Any CPU.ActiveCfg = Release|Any CPU
		{0F13CC84-EFA9-4A94-81B1-37125FD8B5AE}.Release|Any CPU.Build.0 = Release|Any CPU
		{5EC0D7F2-0DA2-44D4-B897-9C8B93212F3A}.Debug|Any CPU.ActiveCfg = Debug|Any CPU
		{5EC0D7F2-0DA2-44D4-B897-9C8B93212F3A}.Debug|Any CPU.Build.0 = Debug|Any CPU
		{5EC0D7F2-0DA2-44D4-B897-9C8B93212F3A}.Release|Any CPU.ActiveCfg = Release|Any CPU
		{5EC0D7F2-0DA2-44D4-B897-9C8B93212F3A}.Release|Any CPU.Build.0 = Release|Any CPU
	EndGlobalSection
	GlobalSection(SolutionProperties) = preSolution
		HideSolutionNode = FALSE
	EndGlobalSection
	GlobalSection(NestedProjects) = preSolution
		{376357DD-C410-4D5F-9C7D-CBC06879A48D} = {5294E08F-5D2B-478A-8AB9-43A17DD838DF}
		{E1557CAF-00CE-4D21-BAC4-B481A511E977} = {5294E08F-5D2B-478A-8AB9-43A17DD838DF}
		{63A89350-0006-431A-B3AF-ECE81257CF93} = {5CC471FA-4151-4C71-AD2B-93B38F8D3E30}
		{FC051B99-F2E9-479F-B818-CBDE008D60E3} = {5CC471FA-4151-4C71-AD2B-93B38F8D3E30}
		{FAB67EC5-26FC-4AC8-BC83-3C5D0A629D29} = {8B73B331-F895-47AB-AC31-33962AB32F67}
		{DDF1A8B0-6099-4F88-9CF3-5CF034F23D17} = {BAEFE38D-A73D-4247-A995-C06041F4EAA1}
		{7B1CBDB6-09E9-4423-9D0E-377A9DE66566} = {CDB7E703-D4B5-4A86-8B50-B1AC9D4802C7}
		{B00E1C95-A5E2-49FE-ADB2-F399BDBDC062} = {12EBA594-AEA2-419B-B9C0-78C9040713E4}
		{C45132EC-5BFD-4B95-A4E0-F862311BE050} = {A4FA185B-48EB-4B80-A25C-928B215A1841}
		{0000BD1A-FBDF-44CC-BC63-BB953FCE7B93} = {3C4AC699-95CE-441E-B840-6DC5F18DAF57}
		{751A684F-FE0A-4475-B915-834C7B4E4A67} = {1C29136D-B0DF-4099-9407-9615437BA7DC}
		{1894A503-EBAE-4010-AA62-4717C0C1A92F} = {0956D012-7A72-4713-B7FB-7E8212D0327E}
		{4C4F1F3C-7510-45E0-BD3F-82369E43F930} = {0956D012-7A72-4713-B7FB-7E8212D0327E}
		{A16130CA-4CAC-484F-968D-E85673122F9B} = {1F1E0562-62D8-4192-8D40-F4510ED9817C}
		{22411EDB-54C5-4A83-845B-A686ED9D627F} = {1F1E0562-62D8-4192-8D40-F4510ED9817C}
		{FDE4564A-74ED-400F-8C63-D976FDE247B4} = {7039DF8D-7A3F-433E-AA4D-E53C4C202F35}
		{41DA8567-4ABC-4C59-AE97-72A704037D2E} = {7039DF8D-7A3F-433E-AA4D-E53C4C202F35}
		{F410DBA9-1A96-4484-9269-925878001F62} = {1C29136D-B0DF-4099-9407-9615437BA7DC}
		{E2ED6DB2-3FD2-4C2E-B95B-A1857DA60657} = {30836C4D-1632-4B4C-848C-99DEC0C9C16A}
		{16EA43E0-F8E5-4BA8-8D52-7D3D874C8D5D} = {E5092B37-E6B9-4FDC-B44B-18599919A1B2}
		{9DBCFEB7-5DCE-45BC-9F81-CF1ED562FF98} = {30836C4D-1632-4B4C-848C-99DEC0C9C16A}
		{B3018B79-5C78-46E2-B45A-205D118742F2} = {BA4C0F64-12AE-4978-BB86-F02B35C0621D}
		{0BA079D3-7783-45F1-9CC3-4328C3C99F4C} = {BA4C0F64-12AE-4978-BB86-F02B35C0621D}
		{EA479975-8CBE-40C6-BC36-696DABBF70C0} = {4E6684AC-2BDD-45A1-AB9F-68FBC857891D}
		{FAD86700-FAB2-492C-887B-E8ADF0C88311} = {4E6684AC-2BDD-45A1-AB9F-68FBC857891D}
		{0F13CC84-EFA9-4A94-81B1-37125FD8B5AE} = {12EB5AAE-6713-4AFE-B751-75F2A72A7236}
		{5EC0D7F2-0DA2-44D4-B897-9C8B93212F3A} = {FD6BFC7A-EF1D-4FF4-86CE-A8C5592696B2}
	EndGlobalSection
	GlobalSection(ExtensibilityGlobals) = postSolution
		SolutionGuid = {F0D3B0B8-5FD1-48D1-88B1-56925A8AA8D5}
	EndGlobalSection
EndGlobal
